
Microsoft Visual Studio Solution File, Format Version 12.00
# Visual Studio Version 16
VisualStudioVersion = 16.0.31205.134
MinimumVisualStudioVersion = 10.0.40219.1
Project("{FAE04EC0-301F-11D3-BF4B-00C04F79EFBC}") = "Shop", "Shop\Shop.csproj", "{A1441AEB-231C-43CD-96B3-788F3DDF13E8}"
EndProject
Global
	GlobalSection(SolutionConfigurationPlatforms) = preSolution
		Debug|Any CPU = Debug|Any CPU
		Release|Any CPU = Release|Any CPU
	EndGlobalSection
	GlobalSection(ProjectConfigurationPlatforms) = postSolution
		{A1441AEB-231C-43CD-96B3-788F3DDF13E8}.Debug|Any CPU.ActiveCfg = Debug|Any CPU
		{A1441AEB-231C-43CD-96B3-788F3DDF13E8}.Debug|Any CPU.Build.0 = Debug|Any CPU
		{A1441AEB-231C-43CD-96B3-788F3DDF13E8}.Release|Any CPU.ActiveCfg = Release|Any CPU
		{A1441AEB-231C-43CD-96B3-788F3DDF13E8}.Release|Any CPU.Build.0 = Release|Any CPU
	EndGlobalSection
	GlobalSection(SolutionProperties) = preSolution
		HideSolutionNode = FALSE
	EndGlobalSection
	GlobalSection(ExtensibilityGlobals) = postSolution
		SolutionGuid = {1AF21318-B01C-4385-BB99-F3C98DED4272}
	EndGlobalSection
EndGlobal
